
Microsoft Visual Studio Solution File, Format Version 12.00
# Visual Studio Version 17
VisualStudioVersion = 17.1.32421.90
MinimumVisualStudioVersion = 10.0.40219.1
Project("{9A19103F-16F7-4668-BE54-9A1E7A4F7556}") = "StreamerBot", "StreamerBot\StreamerBot.csproj", "{C807A207-AC56-4AA4-BFF1-F3D4853F817C}"
	ProjectSection(ProjectDependencies) = postProject
		{4C91C30A-F2DA-4B9F-AD15-2519AB91CA4D} = {4C91C30A-F2DA-4B9F-AD15-2519AB91CA4D}
	EndProjectSection
EndProject
Project("{9A19103F-16F7-4668-BE54-9A1E7A4F7556}") = "TestStreamerBot", "TestStreamerBot\TestStreamerBot.csproj", "{5BBA6290-982F-423B-B92F-AA02702527A5}"
EndProject
Project("{9A19103F-16F7-4668-BE54-9A1E7A4F7556}") = "StreamerBotLib", "StreamerBotLib\StreamerBotLib.csproj", "{4C91C30A-F2DA-4B9F-AD15-2519AB91CA4D}"
EndProject
Project("{9A19103F-16F7-4668-BE54-9A1E7A4F7556}") = "ConvertDataSourceFile", "ConvertDataSourceFile\ConvertDataSourceFile.csproj", "{7C2D0A88-0D74-4E4C-9058-D3945119E3AF}"
	ProjectSection(ProjectDependencies) = postProject
		{4C91C30A-F2DA-4B9F-AD15-2519AB91CA4D} = {4C91C30A-F2DA-4B9F-AD15-2519AB91CA4D}
	EndProjectSection
EndProject
Project("{9A19103F-16F7-4668-BE54-9A1E7A4F7556}") = "SimpleTestFeature", "SimpleTestFeature\SimpleTestFeature.csproj", "{F735F8FE-6259-4FB7-A980-FF9250CD4650}"
	ProjectSection(ProjectDependencies) = postProject
		{4C91C30A-F2DA-4B9F-AD15-2519AB91CA4D} = {4C91C30A-F2DA-4B9F-AD15-2519AB91CA4D}
	EndProjectSection
EndProject
Project("{FAE04EC0-301F-11D3-BF4B-00C04F79EFBC}") = "MaintainStreamerBotLib", "MaintainStreamerBotLib\MaintainStreamerBotLib.csproj", "{8A80EEB4-1300-4DEE-9FC6-2A7E7C6AF9E2}"
EndProject
Project("{9A19103F-16F7-4668-BE54-9A1E7A4F7556}") = "BuildDatabaseMeta", "BuildDatabaseMeta\BuildDatabaseMeta.csproj", "{6512B54C-DE6B-4B9D-A7F5-8D7A145859D4}"
EndProject
Project("{9A19103F-16F7-4668-BE54-9A1E7A4F7556}") = "EFEntityEntryTesting", "EFEntityEntryTesting\EFEntityEntryTesting.csproj", "{CE94F9A1-256C-4A7D-B8F1-0189D42E6CBB}"
EndProject
Project("{FAE04EC0-301F-11D3-BF4B-00C04F79EFBC}") = "TestScrollViewer", "TestScrollViewer\TestScrollViewer.csproj", "{5383324F-E023-40B6-8355-DCE137DAC401}"
EndProject
Project("{FAE04EC0-301F-11D3-BF4B-00C04F79EFBC}") = "EFContextTest", "EFContextTest\EFContextTest.csproj", "{ABD8635A-9C8B-464A-BF23-3A6AD1AB47D4}"
EndProject
Global
	GlobalSection(SolutionConfigurationPlatforms) = preSolution
		Debug_EFEETesting|Any CPU = Debug_EFEETesting|Any CPU
		Debug_ViewXAML|Any CPU = Debug_ViewXAML|Any CPU
		Debug|Any CPU = Debug|Any CPU
		Release_Cosmos|Any CPU = Release_Cosmos|Any CPU
		Release_KNet|Any CPU = Release_KNet|Any CPU
		Release_MySql|Any CPU = Release_MySql|Any CPU
		Release_PomeloMySql|Any CPU = Release_PomeloMySql|Any CPU
		Release_PostGre|Any CPU = Release_PostGre|Any CPU
		Release_Sqlite|Any CPU = Release_Sqlite|Any CPU
		Release_SqlServer|Any CPU = Release_SqlServer|Any CPU
		Release|Any CPU = Release|Any CPU
		Update_Nuget_Only|Any CPU = Update_Nuget_Only|Any CPU
	EndGlobalSection
	GlobalSection(ProjectConfigurationPlatforms) = postSolution
		{C807A207-AC56-4AA4-BFF1-F3D4853F817C}.Debug_EFEETesting|Any CPU.ActiveCfg = Debug|Any CPU
		{C807A207-AC56-4AA4-BFF1-F3D4853F817C}.Debug_ViewXAML|Any CPU.ActiveCfg = Debug_ViewXAML|Any CPU
		{C807A207-AC56-4AA4-BFF1-F3D4853F817C}.Debug_ViewXAML|Any CPU.Build.0 = Debug_ViewXAML|Any CPU
		{C807A207-AC56-4AA4-BFF1-F3D4853F817C}.Debug|Any CPU.ActiveCfg = Debug|Any CPU
		{C807A207-AC56-4AA4-BFF1-F3D4853F817C}.Debug|Any CPU.Build.0 = Debug|Any CPU
		{C807A207-AC56-4AA4-BFF1-F3D4853F817C}.Release_Cosmos|Any CPU.ActiveCfg = Release_Cosmos|Any CPU
		{C807A207-AC56-4AA4-BFF1-F3D4853F817C}.Release_Cosmos|Any CPU.Build.0 = Release_Cosmos|Any CPU
		{C807A207-AC56-4AA4-BFF1-F3D4853F817C}.Release_KNet|Any CPU.ActiveCfg = Release_KNet|Any CPU
		{C807A207-AC56-4AA4-BFF1-F3D4853F817C}.Release_KNet|Any CPU.Build.0 = Release_KNet|Any CPU
		{C807A207-AC56-4AA4-BFF1-F3D4853F817C}.Release_MySql|Any CPU.ActiveCfg = Release_MySql|Any CPU
		{C807A207-AC56-4AA4-BFF1-F3D4853F817C}.Release_MySql|Any CPU.Build.0 = Release_MySql|Any CPU
		{C807A207-AC56-4AA4-BFF1-F3D4853F817C}.Release_PomeloMySql|Any CPU.ActiveCfg = Release_PomeloMySql|Any CPU
		{C807A207-AC56-4AA4-BFF1-F3D4853F817C}.Release_PomeloMySql|Any CPU.Build.0 = Release_PomeloMySql|Any CPU
		{C807A207-AC56-4AA4-BFF1-F3D4853F817C}.Release_PostGre|Any CPU.ActiveCfg = Release_PostGre|Any CPU
		{C807A207-AC56-4AA4-BFF1-F3D4853F817C}.Release_PostGre|Any CPU.Build.0 = Release_PostGre|Any CPU
		{C807A207-AC56-4AA4-BFF1-F3D4853F817C}.Release_Sqlite|Any CPU.ActiveCfg = Release_Sqlite|Any CPU
		{C807A207-AC56-4AA4-BFF1-F3D4853F817C}.Release_Sqlite|Any CPU.Build.0 = Release_Sqlite|Any CPU
		{C807A207-AC56-4AA4-BFF1-F3D4853F817C}.Release_SqlServer|Any CPU.ActiveCfg = Release_SqlServer|Any CPU
		{C807A207-AC56-4AA4-BFF1-F3D4853F817C}.Release_SqlServer|Any CPU.Build.0 = Release_SqlServer|Any CPU
		{C807A207-AC56-4AA4-BFF1-F3D4853F817C}.Release|Any CPU.ActiveCfg = Release|Any CPU
		{C807A207-AC56-4AA4-BFF1-F3D4853F817C}.Release|Any CPU.Build.0 = Release|Any CPU
		{C807A207-AC56-4AA4-BFF1-F3D4853F817C}.Update_Nuget_Only|Any CPU.ActiveCfg = Update_Nuget_Only|Any CPU
		{C807A207-AC56-4AA4-BFF1-F3D4853F817C}.Update_Nuget_Only|Any CPU.Build.0 = Update_Nuget_Only|Any CPU
		{5BBA6290-982F-423B-B92F-AA02702527A5}.Debug_EFEETesting|Any CPU.ActiveCfg = Debug|Any CPU
		{5BBA6290-982F-423B-B92F-AA02702527A5}.Debug_ViewXAML|Any CPU.ActiveCfg = Debug_ViewXAML|Any CPU
		{5BBA6290-982F-423B-B92F-AA02702527A5}.Debug|Any CPU.ActiveCfg = Debug|Any CPU
		{5BBA6290-982F-423B-B92F-AA02702527A5}.Release_Cosmos|Any CPU.ActiveCfg = Release_Cosmos|Any CPU
		{5BBA6290-982F-423B-B92F-AA02702527A5}.Release_KNet|Any CPU.ActiveCfg = Release_KNet|Any CPU
		{5BBA6290-982F-423B-B92F-AA02702527A5}.Release_MySql|Any CPU.ActiveCfg = Release_MySql|Any CPU
		{5BBA6290-982F-423B-B92F-AA02702527A5}.Release_PomeloMySql|Any CPU.ActiveCfg = Release_PomeloMySql|Any CPU
		{5BBA6290-982F-423B-B92F-AA02702527A5}.Release_PostGre|Any CPU.ActiveCfg = Release_PostGre|Any CPU
		{5BBA6290-982F-423B-B92F-AA02702527A5}.Release_Sqlite|Any CPU.ActiveCfg = Release_Sqlite|Any CPU
		{5BBA6290-982F-423B-B92F-AA02702527A5}.Release_SqlServer|Any CPU.ActiveCfg = Release_SqlServer|Any CPU
		{5BBA6290-982F-423B-B92F-AA02702527A5}.Release|Any CPU.ActiveCfg = Release|Any CPU
		{5BBA6290-982F-423B-B92F-AA02702527A5}.Update_Nuget_Only|Any CPU.ActiveCfg = Debug_EFEETesting|Any CPU
		{5BBA6290-982F-423B-B92F-AA02702527A5}.Update_Nuget_Only|Any CPU.Build.0 = Debug_EFEETesting|Any CPU
		{4C91C30A-F2DA-4B9F-AD15-2519AB91CA4D}.Debug_EFEETesting|Any CPU.ActiveCfg = Debug|Any CPU
		{4C91C30A-F2DA-4B9F-AD15-2519AB91CA4D}.Debug_ViewXAML|Any CPU.ActiveCfg = Debug_ViewXAML|Any CPU
		{4C91C30A-F2DA-4B9F-AD15-2519AB91CA4D}.Debug_ViewXAML|Any CPU.Build.0 = Debug_ViewXAML|Any CPU
		{4C91C30A-F2DA-4B9F-AD15-2519AB91CA4D}.Debug|Any CPU.ActiveCfg = Debug|Any CPU
		{4C91C30A-F2DA-4B9F-AD15-2519AB91CA4D}.Debug|Any CPU.Build.0 = Debug|Any CPU
		{4C91C30A-F2DA-4B9F-AD15-2519AB91CA4D}.Release_Cosmos|Any CPU.ActiveCfg = Release_Cosmos|Any CPU
		{4C91C30A-F2DA-4B9F-AD15-2519AB91CA4D}.Release_Cosmos|Any CPU.Build.0 = Release_Cosmos|Any CPU
		{4C91C30A-F2DA-4B9F-AD15-2519AB91CA4D}.Release_KNet|Any CPU.ActiveCfg = Release_KNet|Any CPU
		{4C91C30A-F2DA-4B9F-AD15-2519AB91CA4D}.Release_KNet|Any CPU.Build.0 = Release_KNet|Any CPU
		{4C91C30A-F2DA-4B9F-AD15-2519AB91CA4D}.Release_MySql|Any CPU.ActiveCfg = Release_MySql|Any CPU
		{4C91C30A-F2DA-4B9F-AD15-2519AB91CA4D}.Release_MySql|Any CPU.Build.0 = Release_MySql|Any CPU
		{4C91C30A-F2DA-4B9F-AD15-2519AB91CA4D}.Release_PomeloMySql|Any CPU.ActiveCfg = Release_PomeloMySql|Any CPU
		{4C91C30A-F2DA-4B9F-AD15-2519AB91CA4D}.Release_PomeloMySql|Any CPU.Build.0 = Release_PomeloMySql|Any CPU
		{4C91C30A-F2DA-4B9F-AD15-2519AB91CA4D}.Release_PostGre|Any CPU.ActiveCfg = Release_PostGre|Any CPU
		{4C91C30A-F2DA-4B9F-AD15-2519AB91CA4D}.Release_PostGre|Any CPU.Build.0 = Release_PostGre|Any CPU
		{4C91C30A-F2DA-4B9F-AD15-2519AB91CA4D}.Release_Sqlite|Any CPU.ActiveCfg = Release_Sqlite|Any CPU
		{4C91C30A-F2DA-4B9F-AD15-2519AB91CA4D}.Release_Sqlite|Any CPU.Build.0 = Release_Sqlite|Any CPU
		{4C91C30A-F2DA-4B9F-AD15-2519AB91CA4D}.Release_SqlServer|Any CPU.ActiveCfg = Release_SqlServer|Any CPU
		{4C91C30A-F2DA-4B9F-AD15-2519AB91CA4D}.Release_SqlServer|Any CPU.Build.0 = Release_SqlServer|Any CPU
		{4C91C30A-F2DA-4B9F-AD15-2519AB91CA4D}.Release|Any CPU.ActiveCfg = Release|Any CPU
		{4C91C30A-F2DA-4B9F-AD15-2519AB91CA4D}.Release|Any CPU.Build.0 = Release|Any CPU
		{4C91C30A-F2DA-4B9F-AD15-2519AB91CA4D}.Update_Nuget_Only|Any CPU.ActiveCfg = Update_Nuget_Only|Any CPU
		{4C91C30A-F2DA-4B9F-AD15-2519AB91CA4D}.Update_Nuget_Only|Any CPU.Build.0 = Update_Nuget_Only|Any CPU
		{7C2D0A88-0D74-4E4C-9058-D3945119E3AF}.Debug_EFEETesting|Any CPU.ActiveCfg = Debug|Any CPU
		{7C2D0A88-0D74-4E4C-9058-D3945119E3AF}.Debug_ViewXAML|Any CPU.ActiveCfg = Debug_ViewXAML|Any CPU
		{7C2D0A88-0D74-4E4C-9058-D3945119E3AF}.Debug|Any CPU.ActiveCfg = Debug|Any CPU
		{7C2D0A88-0D74-4E4C-9058-D3945119E3AF}.Release_Cosmos|Any CPU.ActiveCfg = Release|Any CPU
		{7C2D0A88-0D74-4E4C-9058-D3945119E3AF}.Release_KNet|Any CPU.ActiveCfg = Release|Any CPU
		{7C2D0A88-0D74-4E4C-9058-D3945119E3AF}.Release_MySql|Any CPU.ActiveCfg = Release|Any CPU
		{7C2D0A88-0D74-4E4C-9058-D3945119E3AF}.Release_PomeloMySql|Any CPU.ActiveCfg = Release|Any CPU
		{7C2D0A88-0D74-4E4C-9058-D3945119E3AF}.Release_PostGre|Any CPU.ActiveCfg = Release|Any CPU
		{7C2D0A88-0D74-4E4C-9058-D3945119E3AF}.Release_Sqlite|Any CPU.ActiveCfg = Release|Any CPU
		{7C2D0A88-0D74-4E4C-9058-D3945119E3AF}.Release_SqlServer|Any CPU.ActiveCfg = Release|Any CPU
		{7C2D0A88-0D74-4E4C-9058-D3945119E3AF}.Release|Any CPU.ActiveCfg = Release|Any CPU
		{7C2D0A88-0D74-4E4C-9058-D3945119E3AF}.Update_Nuget_Only|Any CPU.ActiveCfg = Release_SqlServer|Any CPU
		{7C2D0A88-0D74-4E4C-9058-D3945119E3AF}.Update_Nuget_Only|Any CPU.Build.0 = Release_SqlServer|Any CPU
		{F735F8FE-6259-4FB7-A980-FF9250CD4650}.Debug_EFEETesting|Any CPU.ActiveCfg = Debug|Any CPU
		{F735F8FE-6259-4FB7-A980-FF9250CD4650}.Debug_ViewXAML|Any CPU.ActiveCfg = Debug_ViewXAML|Any CPU
		{F735F8FE-6259-4FB7-A980-FF9250CD4650}.Debug|Any CPU.ActiveCfg = Debug|Any CPU
		{F735F8FE-6259-4FB7-A980-FF9250CD4650}.Release_Cosmos|Any CPU.ActiveCfg = Release|Any CPU
		{F735F8FE-6259-4FB7-A980-FF9250CD4650}.Release_KNet|Any CPU.ActiveCfg = Release|Any CPU
		{F735F8FE-6259-4FB7-A980-FF9250CD4650}.Release_MySql|Any CPU.ActiveCfg = Release|Any CPU
		{F735F8FE-6259-4FB7-A980-FF9250CD4650}.Release_PomeloMySql|Any CPU.ActiveCfg = Release|Any CPU
		{F735F8FE-6259-4FB7-A980-FF9250CD4650}.Release_PostGre|Any CPU.ActiveCfg = Release|Any CPU
		{F735F8FE-6259-4FB7-A980-FF9250CD4650}.Release_Sqlite|Any CPU.ActiveCfg = Release|Any CPU
		{F735F8FE-6259-4FB7-A980-FF9250CD4650}.Release_SqlServer|Any CPU.ActiveCfg = Release|Any CPU
		{F735F8FE-6259-4FB7-A980-FF9250CD4650}.Release|Any CPU.ActiveCfg = Release|Any CPU
		{F735F8FE-6259-4FB7-A980-FF9250CD4650}.Update_Nuget_Only|Any CPU.ActiveCfg = Release_SqlServer|Any CPU
		{F735F8FE-6259-4FB7-A980-FF9250CD4650}.Update_Nuget_Only|Any CPU.Build.0 = Release_SqlServer|Any CPU
		{8A80EEB4-1300-4DEE-9FC6-2A7E7C6AF9E2}.Debug_EFEETesting|Any CPU.ActiveCfg = Debug|Any CPU
		{8A80EEB4-1300-4DEE-9FC6-2A7E7C6AF9E2}.Debug_ViewXAML|Any CPU.ActiveCfg = Debug_ViewXAML|Any CPU
		{8A80EEB4-1300-4DEE-9FC6-2A7E7C6AF9E2}.Debug|Any CPU.ActiveCfg = Debug|Any CPU
		{8A80EEB4-1300-4DEE-9FC6-2A7E7C6AF9E2}.Release_Cosmos|Any CPU.ActiveCfg = Release|Any CPU
		{8A80EEB4-1300-4DEE-9FC6-2A7E7C6AF9E2}.Release_KNet|Any CPU.ActiveCfg = Release|Any CPU
		{8A80EEB4-1300-4DEE-9FC6-2A7E7C6AF9E2}.Release_MySql|Any CPU.ActiveCfg = Release|Any CPU
		{8A80EEB4-1300-4DEE-9FC6-2A7E7C6AF9E2}.Release_PomeloMySql|Any CPU.ActiveCfg = Release|Any CPU
		{8A80EEB4-1300-4DEE-9FC6-2A7E7C6AF9E2}.Release_PostGre|Any CPU.ActiveCfg = Release|Any CPU
		{8A80EEB4-1300-4DEE-9FC6-2A7E7C6AF9E2}.Release_Sqlite|Any CPU.ActiveCfg = Release|Any CPU
		{8A80EEB4-1300-4DEE-9FC6-2A7E7C6AF9E2}.Release_SqlServer|Any CPU.ActiveCfg = Release|Any CPU
		{8A80EEB4-1300-4DEE-9FC6-2A7E7C6AF9E2}.Release|Any CPU.ActiveCfg = Release|Any CPU
		{8A80EEB4-1300-4DEE-9FC6-2A7E7C6AF9E2}.Update_Nuget_Only|Any CPU.ActiveCfg = Update_Nuget_Only|Any CPU
		{8A80EEB4-1300-4DEE-9FC6-2A7E7C6AF9E2}.Update_Nuget_Only|Any CPU.Build.0 = Update_Nuget_Only|Any CPU
		{6512B54C-DE6B-4B9D-A7F5-8D7A145859D4}.Debug_EFEETesting|Any CPU.ActiveCfg = Debug|Any CPU
		{6512B54C-DE6B-4B9D-A7F5-8D7A145859D4}.Debug_ViewXAML|Any CPU.ActiveCfg = Debug_ViewXAML|Any CPU
		{6512B54C-DE6B-4B9D-A7F5-8D7A145859D4}.Debug|Any CPU.ActiveCfg = Debug|Any CPU
		{6512B54C-DE6B-4B9D-A7F5-8D7A145859D4}.Release_Cosmos|Any CPU.ActiveCfg = Release|Any CPU
		{6512B54C-DE6B-4B9D-A7F5-8D7A145859D4}.Release_KNet|Any CPU.ActiveCfg = Release|Any CPU
		{6512B54C-DE6B-4B9D-A7F5-8D7A145859D4}.Release_MySql|Any CPU.ActiveCfg = Release|Any CPU
		{6512B54C-DE6B-4B9D-A7F5-8D7A145859D4}.Release_PomeloMySql|Any CPU.ActiveCfg = Release|Any CPU
		{6512B54C-DE6B-4B9D-A7F5-8D7A145859D4}.Release_PostGre|Any CPU.ActiveCfg = Release|Any CPU
		{6512B54C-DE6B-4B9D-A7F5-8D7A145859D4}.Release_Sqlite|Any CPU.ActiveCfg = Release|Any CPU
		{6512B54C-DE6B-4B9D-A7F5-8D7A145859D4}.Release_SqlServer|Any CPU.ActiveCfg = Release|Any CPU
		{6512B54C-DE6B-4B9D-A7F5-8D7A145859D4}.Release|Any CPU.ActiveCfg = Release|Any CPU
		{6512B54C-DE6B-4B9D-A7F5-8D7A145859D4}.Update_Nuget_Only|Any CPU.ActiveCfg = Release_SqlServer|Any CPU
		{6512B54C-DE6B-4B9D-A7F5-8D7A145859D4}.Update_Nuget_Only|Any CPU.Build.0 = Release_SqlServer|Any CPU
		{CE94F9A1-256C-4A7D-B8F1-0189D42E6CBB}.Debug_EFEETesting|Any CPU.ActiveCfg = Debug|Any CPU
		{CE94F9A1-256C-4A7D-B8F1-0189D42E6CBB}.Debug_EFEETesting|Any CPU.Build.0 = Debug|Any CPU
		{CE94F9A1-256C-4A7D-B8F1-0189D42E6CBB}.Debug_ViewXAML|Any CPU.ActiveCfg = Debug_ViewXAML|Any CPU
		{CE94F9A1-256C-4A7D-B8F1-0189D42E6CBB}.Debug|Any CPU.ActiveCfg = Debug|Any CPU
		{CE94F9A1-256C-4A7D-B8F1-0189D42E6CBB}.Release_Cosmos|Any CPU.ActiveCfg = Release|Any CPU
		{CE94F9A1-256C-4A7D-B8F1-0189D42E6CBB}.Release_KNet|Any CPU.ActiveCfg = Release|Any CPU
		{CE94F9A1-256C-4A7D-B8F1-0189D42E6CBB}.Release_MySql|Any CPU.ActiveCfg = Release|Any CPU
		{CE94F9A1-256C-4A7D-B8F1-0189D42E6CBB}.Release_PomeloMySql|Any CPU.ActiveCfg = Release|Any CPU
		{CE94F9A1-256C-4A7D-B8F1-0189D42E6CBB}.Release_PostGre|Any CPU.ActiveCfg = Release|Any CPU
		{CE94F9A1-256C-4A7D-B8F1-0189D42E6CBB}.Release_Sqlite|Any CPU.ActiveCfg = Release|Any CPU
		{CE94F9A1-256C-4A7D-B8F1-0189D42E6CBB}.Release_SqlServer|Any CPU.ActiveCfg = Release|Any CPU
		{CE94F9A1-256C-4A7D-B8F1-0189D42E6CBB}.Release|Any CPU.ActiveCfg = Release|Any CPU
		{CE94F9A1-256C-4A7D-B8F1-0189D42E6CBB}.Update_Nuget_Only|Any CPU.ActiveCfg = Debug_EFEETesting|Any CPU
		{CE94F9A1-256C-4A7D-B8F1-0189D42E6CBB}.Update_Nuget_Only|Any CPU.Build.0 = Debug_EFEETesting|Any CPU
		{5383324F-E023-40B6-8355-DCE137DAC401}.Debug_EFEETesting|Any CPU.ActiveCfg = Debug|Any CPU
		{5383324F-E023-40B6-8355-DCE137DAC401}.Debug_ViewXAML|Any CPU.ActiveCfg = Debug_ViewXAML|Any CPU
		{5383324F-E023-40B6-8355-DCE137DAC401}.Debug|Any CPU.ActiveCfg = Debug|Any CPU
		{5383324F-E023-40B6-8355-DCE137DAC401}.Release_Cosmos|Any CPU.ActiveCfg = Release|Any CPU
		{5383324F-E023-40B6-8355-DCE137DAC401}.Release_KNet|Any CPU.ActiveCfg = Release|Any CPU
		{5383324F-E023-40B6-8355-DCE137DAC401}.Release_MySql|Any CPU.ActiveCfg = Release|Any CPU
		{5383324F-E023-40B6-8355-DCE137DAC401}.Release_PomeloMySql|Any CPU.ActiveCfg = Release|Any CPU
		{5383324F-E023-40B6-8355-DCE137DAC401}.Release_PostGre|Any CPU.ActiveCfg = Release|Any CPU
		{5383324F-E023-40B6-8355-DCE137DAC401}.Release_Sqlite|Any CPU.ActiveCfg = Release|Any CPU
		{5383324F-E023-40B6-8355-DCE137DAC401}.Release_SqlServer|Any CPU.ActiveCfg = Release|Any CPU
		{5383324F-E023-40B6-8355-DCE137DAC401}.Release|Any CPU.ActiveCfg = Release|Any CPU
		{5383324F-E023-40B6-8355-DCE137DAC401}.Update_Nuget_Only|Any CPU.ActiveCfg = Debug_EFEETesting|Any CPU
		{5383324F-E023-40B6-8355-DCE137DAC401}.Update_Nuget_Only|Any CPU.Build.0 = Debug_EFEETesting|Any CPU
		{ABD8635A-9C8B-464A-BF23-3A6AD1AB47D4}.Debug_EFEETesting|Any CPU.ActiveCfg = Debug|Any CPU
		{ABD8635A-9C8B-464A-BF23-3A6AD1AB47D4}.Debug_EFEETesting|Any CPU.Build.0 = Debug|Any CPU
		{ABD8635A-9C8B-464A-BF23-3A6AD1AB47D4}.Debug_ViewXAML|Any CPU.ActiveCfg = Debug|Any CPU
		{ABD8635A-9C8B-464A-BF23-3A6AD1AB47D4}.Debug_ViewXAML|Any CPU.Build.0 = Debug|Any CPU
		{ABD8635A-9C8B-464A-BF23-3A6AD1AB47D4}.Debug|Any CPU.ActiveCfg = Debug|Any CPU
		{ABD8635A-9C8B-464A-BF23-3A6AD1AB47D4}.Debug|Any CPU.Build.0 = Debug|Any CPU
		{ABD8635A-9C8B-464A-BF23-3A6AD1AB47D4}.Release_Cosmos|Any CPU.ActiveCfg = Release|Any CPU
		{ABD8635A-9C8B-464A-BF23-3A6AD1AB47D4}.Release_Cosmos|Any CPU.Build.0 = Release|Any CPU
		{ABD8635A-9C8B-464A-BF23-3A6AD1AB47D4}.Release_KNet|Any CPU.ActiveCfg = Release|Any CPU
		{ABD8635A-9C8B-464A-BF23-3A6AD1AB47D4}.Release_KNet|Any CPU.Build.0 = Release|Any CPU
		{ABD8635A-9C8B-464A-BF23-3A6AD1AB47D4}.Release_MySql|Any CPU.ActiveCfg = Release|Any CPU
		{ABD8635A-9C8B-464A-BF23-3A6AD1AB47D4}.Release_MySql|Any CPU.Build.0 = Release|Any CPU
		{ABD8635A-9C8B-464A-BF23-3A6AD1AB47D4}.Release_PomeloMySql|Any CPU.ActiveCfg = Release|Any CPU
		{ABD8635A-9C8B-464A-BF23-3A6AD1AB47D4}.Release_PomeloMySql|Any CPU.Build.0 = Release|Any CPU
		{ABD8635A-9C8B-464A-BF23-3A6AD1AB47D4}.Release_PostGre|Any CPU.ActiveCfg = Release|Any CPU
		{ABD8635A-9C8B-464A-BF23-3A6AD1AB47D4}.Release_PostGre|Any CPU.Build.0 = Release|Any CPU
		{ABD8635A-9C8B-464A-BF23-3A6AD1AB47D4}.Release_Sqlite|Any CPU.ActiveCfg = Release|Any CPU
		{ABD8635A-9C8B-464A-BF23-3A6AD1AB47D4}.Release_Sqlite|Any CPU.Build.0 = Release|Any CPU
		{ABD8635A-9C8B-464A-BF23-3A6AD1AB47D4}.Release_SqlServer|Any CPU.ActiveCfg = Release|Any CPU
		{ABD8635A-9C8B-464A-BF23-3A6AD1AB47D4}.Release_SqlServer|Any CPU.Build.0 = Release|Any CPU
		{ABD8635A-9C8B-464A-BF23-3A6AD1AB47D4}.Release|Any CPU.ActiveCfg = Release|Any CPU
		{ABD8635A-9C8B-464A-BF23-3A6AD1AB47D4}.Release|Any CPU.Build.0 = Release|Any CPU
		{ABD8635A-9C8B-464A-BF23-3A6AD1AB47D4}.Update_Nuget_Only|Any CPU.ActiveCfg = Release|Any CPU
		{ABD8635A-9C8B-464A-BF23-3A6AD1AB47D4}.Update_Nuget_Only|Any CPU.Build.0 = Release|Any CPU
	EndGlobalSection
	GlobalSection(SolutionProperties) = preSolution
		HideSolutionNode = FALSE
	EndGlobalSection
	GlobalSection(ExtensibilityGlobals) = postSolution
		SolutionGuid = {2590D191-DDC6-433E-9B3A-4EC8148CA900}
	EndGlobalSection
EndGlobal
